// !$*UTF8*$!
{
	archiveVersion = 1;
	classes = {
	};
	objectVersion = 50;
	objects = {

/* Begin PBXBuildFile section */
		2C08C6AF252330CA00316CC0 /* Sample5ViewController.swift in Sources */ = {isa = PBXBuildFile; fileRef = 2C08C6AE252330CA00316CC0 /* Sample5ViewController.swift */; };
		2C49EA1B24358DB40026233D /* EasyStackView.framework in Frameworks */ = {isa = PBXBuildFile; fileRef = 2C49EA1124358DB40026233D /* EasyStackView.framework */; };
		2C49EA2024358DB40026233D /* EasyStackViewTests.m in Sources */ = {isa = PBXBuildFile; fileRef = 2C49EA1F24358DB40026233D /* EasyStackViewTests.m */; };
		2C49EA2224358DB40026233D /* EasyStackView.h in Headers */ = {isa = PBXBuildFile; fileRef = 2C49EA1424358DB40026233D /* EasyStackView.h */; settings = {ATTRIBUTES = (Public, ); }; };
		2C49EA3224358DC90026233D /* AppDelegate.swift in Sources */ = {isa = PBXBuildFile; fileRef = 2C49EA3124358DC90026233D /* AppDelegate.swift */; };
		2C49EA3624358DC90026233D /* ViewController.swift in Sources */ = {isa = PBXBuildFile; fileRef = 2C49EA3524358DC90026233D /* ViewController.swift */; };
		2C49EA3B24358DCB0026233D /* Assets.xcassets in Resources */ = {isa = PBXBuildFile; fileRef = 2C49EA3A24358DCB0026233D /* Assets.xcassets */; };
		2C49EA3E24358DCB0026233D /* LaunchScreen.storyboard in Resources */ = {isa = PBXBuildFile; fileRef = 2C49EA3C24358DCB0026233D /* LaunchScreen.storyboard */; };
		2C49EA4924358DCB0026233D /* DemoTests.swift in Sources */ = {isa = PBXBuildFile; fileRef = 2C49EA4824358DCB0026233D /* DemoTests.swift */; };
		2C49EA5424358DCB0026233D /* DemoUITests.swift in Sources */ = {isa = PBXBuildFile; fileRef = 2C49EA5324358DCB0026233D /* DemoUITests.swift */; };
		2C49EA6124358E3F0026233D /* ESVStackView.h in Headers */ = {isa = PBXBuildFile; fileRef = 2C49EA5F24358E3F0026233D /* ESVStackView.h */; settings = {ATTRIBUTES = (Public, ); }; };
		2C49EA6224358E3F0026233D /* ESVStackView.m in Sources */ = {isa = PBXBuildFile; fileRef = 2C49EA6024358E3F0026233D /* ESVStackView.m */; };
		2C52A259243F2755008FFD73 /* ESVEnum.h in Headers */ = {isa = PBXBuildFile; fileRef = 2C52A258243F272F008FFD73 /* ESVEnum.h */; settings = {ATTRIBUTES = (Public, ); }; };
		2C52A2B02440CE17008FFD73 /* ESVItemManageType.h in Headers */ = {isa = PBXBuildFile; fileRef = 2C52A2AE2440CE17008FFD73 /* ESVItemManageType.h */; settings = {ATTRIBUTES = (Public, ); }; };
		2C52A2B42440CEBC008FFD73 /* ESVFlexManageType.h in Headers */ = {isa = PBXBuildFile; fileRef = 2C52A2B22440CEBC008FFD73 /* ESVFlexManageType.h */; settings = {ATTRIBUTES = (Public, ); }; };
		2C52A2B82440D055008FFD73 /* ESVConfigManageType.h in Headers */ = {isa = PBXBuildFile; fileRef = 2C52A2B62440D055008FFD73 /* ESVConfigManageType.h */; settings = {ATTRIBUTES = (Public, ); }; };
		2C52A32E24440606008FFD73 /* ESVRefreshManageType.h in Headers */ = {isa = PBXBuildFile; fileRef = 2C52A32C24440606008FFD73 /* ESVRefreshManageType.h */; settings = {ATTRIBUTES = (Public, ); }; };
		2C52A33224440651008FFD73 /* ESVCalculator.h in Headers */ = {isa = PBXBuildFile; fileRef = 2C52A33024440651008FFD73 /* ESVCalculator.h */; settings = {ATTRIBUTES = (Public, ); }; };
		2C52A33324440651008FFD73 /* ESVCalculator.m in Sources */ = {isa = PBXBuildFile; fileRef = 2C52A33124440651008FFD73 /* ESVCalculator.m */; };
		2C52A3362444086E008FFD73 /* ESVStackItemConfig+Axis.h in Headers */ = {isa = PBXBuildFile; fileRef = 2C52A3342444086E008FFD73 /* ESVStackItemConfig+Axis.h */; };
		2C52A3372444086E008FFD73 /* ESVStackItemConfig+Axis.m in Sources */ = {isa = PBXBuildFile; fileRef = 2C52A3352444086E008FFD73 /* ESVStackItemConfig+Axis.m */; };
		2C61367724D5BC6B00289776 /* ESVCoupleSet.h in Headers */ = {isa = PBXBuildFile; fileRef = 2C61367524D5BC6A00289776 /* ESVCoupleSet.h */; };
		2C61367A24D5C98C00289776 /* ESVCoupleSet.m in Sources */ = {isa = PBXBuildFile; fileRef = 2C61367924D5C98C00289776 /* ESVCoupleSet.m */; };
		2C61367C24D5CF4D00289776 /* Sample3ViewController.swift in Sources */ = {isa = PBXBuildFile; fileRef = 2C61367B24D5CF4D00289776 /* Sample3ViewController.swift */; };
		2C65A7AC24C58A2300D98D5E /* ESVStackControl.h in Headers */ = {isa = PBXBuildFile; fileRef = 2C65A7AA24C58A2300D98D5E /* ESVStackControl.h */; settings = {ATTRIBUTES = (Public, ); }; };
		2C65A7AD24C58A2300D98D5E /* ESVStackControl.m in Sources */ = {isa = PBXBuildFile; fileRef = 2C65A7AB24C58A2300D98D5E /* ESVStackControl.m */; };
		2C65A7AF24C58F4600D98D5E /* Sample1ViewController.swift in Sources */ = {isa = PBXBuildFile; fileRef = 2C65A7AE24C58F4600D98D5E /* Sample1ViewController.swift */; };
		2C65A7B124C5A42A00D98D5E /* Sample2ViewController.swift in Sources */ = {isa = PBXBuildFile; fileRef = 2C65A7B024C5A42A00D98D5E /* Sample2ViewController.swift */; };
		2C65A7B724C6771500D98D5E /* ESVRecycleView.h in Headers */ = {isa = PBXBuildFile; fileRef = 2C65A7B524C6771500D98D5E /* ESVRecycleView.h */; settings = {ATTRIBUTES = (Public, ); }; };
		2C65A7B824C6771500D98D5E /* ESVRecycleView.m in Sources */ = {isa = PBXBuildFile; fileRef = 2C65A7B624C6771500D98D5E /* ESVRecycleView.m */; };
		2C7BFE8D2514840D007195C9 /* Sample4ViewController.swift in Sources */ = {isa = PBXBuildFile; fileRef = 2C7BFE8C2514840D007195C9 /* Sample4ViewController.swift */; };
		2C84BC042446F103000FBB20 /* ESVStackPlaceHolder.h in Headers */ = {isa = PBXBuildFile; fileRef = 2C84BC022446F103000FBB20 /* ESVStackPlaceHolder.h */; settings = {ATTRIBUTES = (Public, ); }; };
		2C84BC052446F103000FBB20 /* ESVStackPlaceHolder.m in Sources */ = {isa = PBXBuildFile; fileRef = 2C84BC032446F103000FBB20 /* ESVStackPlaceHolder.m */; };
		2C84BC082446F1E9000FBB20 /* ESVStackItemType.h in Headers */ = {isa = PBXBuildFile; fileRef = 2C84BC062446F1E9000FBB20 /* ESVStackItemType.h */; settings = {ATTRIBUTES = (Public, ); }; };
		2C84BC0C2446FF81000FBB20 /* UIView+ESV.h in Headers */ = {isa = PBXBuildFile; fileRef = 2C84BC0A2446FF81000FBB20 /* UIView+ESV.h */; settings = {ATTRIBUTES = (Public, ); }; };
		2C84BC0D2446FF81000FBB20 /* UIView+ESV.m in Sources */ = {isa = PBXBuildFile; fileRef = 2C84BC0B2446FF81000FBB20 /* UIView+ESV.m */; };
		2CBC6D9F24D17BC000070DF0 /* ESVRecyclableModel.h in Headers */ = {isa = PBXBuildFile; fileRef = 2CBC6D9D24D17BC000070DF0 /* ESVRecyclableModel.h */; settings = {ATTRIBUTES = (Public, ); }; };
		2CBC6DA024D17BC000070DF0 /* ESVRecyclableModel.m in Sources */ = {isa = PBXBuildFile; fileRef = 2CBC6D9E24D17BC000070DF0 /* ESVRecyclableModel.m */; };
		2CC3686225128C2000DC7191 /* ESVRecycleCellType.h in Headers */ = {isa = PBXBuildFile; fileRef = 2CC3686025128C2000DC7191 /* ESVRecycleCellType.h */; settings = {ATTRIBUTES = (Public, ); }; };
		2CDD5AA0244F1E1800068C1D /* ESVScrollView.h in Headers */ = {isa = PBXBuildFile; fileRef = 2CDD5A9E244F1E1800068C1D /* ESVScrollView.h */; settings = {ATTRIBUTES = (Public, ); }; };
		2CDD5AA1244F1E1800068C1D /* ESVScrollView.m in Sources */ = {isa = PBXBuildFile; fileRef = 2CDD5A9F244F1E1800068C1D /* ESVScrollView.m */; };
		2CE80DD524F6AB7600B3D5EC /* ESVRecycleManager.h in Headers */ = {isa = PBXBuildFile; fileRef = 2CE80DD324F6AB7600B3D5EC /* ESVRecycleManager.h */; };
		2CE80DD624F6AB7600B3D5EC /* ESVRecycleManager.m in Sources */ = {isa = PBXBuildFile; fileRef = 2CE80DD424F6AB7600B3D5EC /* ESVRecycleManager.m */; };
		2CF1251D243C58ED00DC254C /* ESVFrameUtil.h in Headers */ = {isa = PBXBuildFile; fileRef = 2CF1251B243C58ED00DC254C /* ESVFrameUtil.h */; };
		2CF1251E243C58ED00DC254C /* ESVFrameUtil.m in Sources */ = {isa = PBXBuildFile; fileRef = 2CF1251C243C58ED00DC254C /* ESVFrameUtil.m */; };
		2CF12520243C62C500DC254C /* EasyStackView.framework in Frameworks */ = {isa = PBXBuildFile; fileRef = 2C49EA1124358DB40026233D /* EasyStackView.framework */; };
		2CF12521243C62C500DC254C /* EasyStackView.framework in Embed Frameworks */ = {isa = PBXBuildFile; fileRef = 2C49EA1124358DB40026233D /* EasyStackView.framework */; settings = {ATTRIBUTES = (CodeSignOnCopy, RemoveHeadersOnCopy, ); }; };
		9CE3A6DBAD52A6AAE7EA04C5 /* ESVStackItemConfig.m in Sources */ = {isa = PBXBuildFile; fileRef = 9CE3A61CCC1810D020122FB8 /* ESVStackItemConfig.m */; };
		9CE3A97067E032885ACEBB18 /* ESVStackItemConfig.h in Headers */ = {isa = PBXBuildFile; fileRef = 9CE3A8D6497A87D47024BCAA /* ESVStackItemConfig.h */; settings = {ATTRIBUTES = (Public, ); }; };
/* End PBXBuildFile section */

/* Begin PBXContainerItemProxy section */
		2C49EA1C24358DB40026233D /* PBXContainerItemProxy */ = {
			isa = PBXContainerItemProxy;
			containerPortal = 2C49EA0824358DB40026233D /* Project object */;
			proxyType = 1;
			remoteGlobalIDString = 2C49EA1024358DB40026233D;
			remoteInfo = EasyStackView;
		};
		2C49EA4524358DCB0026233D /* PBXContainerItemProxy */ = {
			isa = PBXContainerItemProxy;
			containerPortal = 2C49EA0824358DB40026233D /* Project object */;
			proxyType = 1;
			remoteGlobalIDString = 2C49EA2E24358DC90026233D;
			remoteInfo = Demo;
		};
		2C49EA5024358DCB0026233D /* PBXContainerItemProxy */ = {
			isa = PBXContainerItemProxy;
			containerPortal = 2C49EA0824358DB40026233D /* Project object */;
			proxyType = 1;
			remoteGlobalIDString = 2C49EA2E24358DC90026233D;
			remoteInfo = Demo;
		};
		2CF12522243C62C500DC254C /* PBXContainerItemProxy */ = {
			isa = PBXContainerItemProxy;
			containerPortal = 2C49EA0824358DB40026233D /* Project object */;
			proxyType = 1;
			remoteGlobalIDString = 2C49EA1024358DB40026233D;
			remoteInfo = EasyStackView;
		};
/* End PBXContainerItemProxy section */

/* Begin PBXCopyFilesBuildPhase section */
		2CF12524243C62C500DC254C /* Embed Frameworks */ = {
			isa = PBXCopyFilesBuildPhase;
			buildActionMask = 2147483647;
			dstPath = "";
			dstSubfolderSpec = 10;
			files = (
				2CF12521243C62C500DC254C /* EasyStackView.framework in Embed Frameworks */,
			);
			name = "Embed Frameworks";
			runOnlyForDeploymentPostprocessing = 0;
		};
/* End PBXCopyFilesBuildPhase section */

/* Begin PBXFileReference section */
		2C002E03245602A300364C88 /* EasyStackView.podspec */ = {isa = PBXFileReference; lastKnownFileType = text; path = EasyStackView.podspec; sourceTree = "<group>"; };
		2C08C6AE252330CA00316CC0 /* Sample5ViewController.swift */ = {isa = PBXFileReference; lastKnownFileType = sourcecode.swift; path = Sample5ViewController.swift; sourceTree = "<group>"; };
		2C49EA1124358DB40026233D /* EasyStackView.framework */ = {isa = PBXFileReference; explicitFileType = wrapper.framework; includeInIndex = 0; path = EasyStackView.framework; sourceTree = BUILT_PRODUCTS_DIR; };
		2C49EA1424358DB40026233D /* EasyStackView.h */ = {isa = PBXFileReference; lastKnownFileType = sourcecode.c.h; path = EasyStackView.h; sourceTree = "<group>"; };
		2C49EA1524358DB40026233D /* Info.plist */ = {isa = PBXFileReference; lastKnownFileType = text.plist.xml; path = Info.plist; sourceTree = "<group>"; };
		2C49EA1A24358DB40026233D /* EasyStackViewTests.xctest */ = {isa = PBXFileReference; explicitFileType = wrapper.cfbundle; includeInIndex = 0; path = EasyStackViewTests.xctest; sourceTree = BUILT_PRODUCTS_DIR; };
		2C49EA1F24358DB40026233D /* EasyStackViewTests.m */ = {isa = PBXFileReference; lastKnownFileType = sourcecode.c.objc; path = EasyStackViewTests.m; sourceTree = "<group>"; };
		2C49EA2124358DB40026233D /* Info.plist */ = {isa = PBXFileReference; lastKnownFileType = text.plist.xml; path = Info.plist; sourceTree = "<group>"; };
		2C49EA2F24358DC90026233D /* Demo.app */ = {isa = PBXFileReference; explicitFileType = wrapper.application; includeInIndex = 0; path = Demo.app; sourceTree = BUILT_PRODUCTS_DIR; };
		2C49EA3124358DC90026233D /* AppDelegate.swift */ = {isa = PBXFileReference; lastKnownFileType = sourcecode.swift; path = AppDelegate.swift; sourceTree = "<group>"; };
		2C49EA3524358DC90026233D /* ViewController.swift */ = {isa = PBXFileReference; lastKnownFileType = sourcecode.swift; path = ViewController.swift; sourceTree = "<group>"; };
		2C49EA3A24358DCB0026233D /* Assets.xcassets */ = {isa = PBXFileReference; lastKnownFileType = folder.assetcatalog; path = Assets.xcassets; sourceTree = "<group>"; };
		2C49EA3D24358DCB0026233D /* Base */ = {isa = PBXFileReference; lastKnownFileType = file.storyboard; name = Base; path = Base.lproj/LaunchScreen.storyboard; sourceTree = "<group>"; };
		2C49EA3F24358DCB0026233D /* Info.plist */ = {isa = PBXFileReference; lastKnownFileType = text.plist.xml; path = Info.plist; sourceTree = "<group>"; };
		2C49EA4424358DCB0026233D /* DemoTests.xctest */ = {isa = PBXFileReference; explicitFileType = wrapper.cfbundle; includeInIndex = 0; path = DemoTests.xctest; sourceTree = BUILT_PRODUCTS_DIR; };
		2C49EA4824358DCB0026233D /* DemoTests.swift */ = {isa = PBXFileReference; lastKnownFileType = sourcecode.swift; path = DemoTests.swift; sourceTree = "<group>"; };
		2C49EA4A24358DCB0026233D /* Info.plist */ = {isa = PBXFileReference; lastKnownFileType = text.plist.xml; path = Info.plist; sourceTree = "<group>"; };
		2C49EA4F24358DCB0026233D /* DemoUITests.xctest */ = {isa = PBXFileReference; explicitFileType = wrapper.cfbundle; includeInIndex = 0; path = DemoUITests.xctest; sourceTree = BUILT_PRODUCTS_DIR; };
		2C49EA5324358DCB0026233D /* DemoUITests.swift */ = {isa = PBXFileReference; lastKnownFileType = sourcecode.swift; path = DemoUITests.swift; sourceTree = "<group>"; };
		2C49EA5524358DCB0026233D /* Info.plist */ = {isa = PBXFileReference; lastKnownFileType = text.plist.xml; path = Info.plist; sourceTree = "<group>"; };
		2C49EA5F24358E3F0026233D /* ESVStackView.h */ = {isa = PBXFileReference; lastKnownFileType = sourcecode.c.h; path = ESVStackView.h; sourceTree = "<group>"; };
		2C49EA6024358E3F0026233D /* ESVStackView.m */ = {isa = PBXFileReference; lastKnownFileType = sourcecode.c.objc; path = ESVStackView.m; sourceTree = "<group>"; };
		2C52A258243F272F008FFD73 /* ESVEnum.h */ = {isa = PBXFileReference; lastKnownFileType = sourcecode.c.h; path = ESVEnum.h; sourceTree = "<group>"; };
		2C52A2AE2440CE17008FFD73 /* ESVItemManageType.h */ = {isa = PBXFileReference; lastKnownFileType = sourcecode.c.h; path = ESVItemManageType.h; sourceTree = "<group>"; };
		2C52A2B22440CEBC008FFD73 /* ESVFlexManageType.h */ = {isa = PBXFileReference; lastKnownFileType = sourcecode.c.h; path = ESVFlexManageType.h; sourceTree = "<group>"; };
		2C52A2B62440D055008FFD73 /* ESVConfigManageType.h */ = {isa = PBXFileReference; lastKnownFileType = sourcecode.c.h; path = ESVConfigManageType.h; sourceTree = "<group>"; };
		2C52A32C24440606008FFD73 /* ESVRefreshManageType.h */ = {isa = PBXFileReference; lastKnownFileType = sourcecode.c.h; path = ESVRefreshManageType.h; sourceTree = "<group>"; };
		2C52A33024440651008FFD73 /* ESVCalculator.h */ = {isa = PBXFileReference; lastKnownFileType = sourcecode.c.h; path = ESVCalculator.h; sourceTree = "<group>"; };
		2C52A33124440651008FFD73 /* ESVCalculator.m */ = {isa = PBXFileReference; lastKnownFileType = sourcecode.c.objc; path = ESVCalculator.m; sourceTree = "<group>"; };
		2C52A3342444086E008FFD73 /* ESVStackItemConfig+Axis.h */ = {isa = PBXFileReference; lastKnownFileType = sourcecode.c.h; path = "ESVStackItemConfig+Axis.h"; sourceTree = "<group>"; };
		2C52A3352444086E008FFD73 /* ESVStackItemConfig+Axis.m */ = {isa = PBXFileReference; lastKnownFileType = sourcecode.c.objc; path = "ESVStackItemConfig+Axis.m"; sourceTree = "<group>"; };
		2C61367524D5BC6A00289776 /* ESVCoupleSet.h */ = {isa = PBXFileReference; lastKnownFileType = sourcecode.c.h; path = ESVCoupleSet.h; sourceTree = "<group>"; };
		2C61367924D5C98C00289776 /* ESVCoupleSet.m */ = {isa = PBXFileReference; fileEncoding = 4; lastKnownFileType = sourcecode.c.objc; path = ESVCoupleSet.m; sourceTree = "<group>"; };
		2C61367B24D5CF4D00289776 /* Sample3ViewController.swift */ = {isa = PBXFileReference; lastKnownFileType = sourcecode.swift; path = Sample3ViewController.swift; sourceTree = "<group>"; };
		2C65A7AA24C58A2300D98D5E /* ESVStackControl.h */ = {isa = PBXFileReference; lastKnownFileType = sourcecode.c.h; path = ESVStackControl.h; sourceTree = "<group>"; };
		2C65A7AB24C58A2300D98D5E /* ESVStackControl.m */ = {isa = PBXFileReference; lastKnownFileType = sourcecode.c.objc; path = ESVStackControl.m; sourceTree = "<group>"; };
		2C65A7AE24C58F4600D98D5E /* Sample1ViewController.swift */ = {isa = PBXFileReference; lastKnownFileType = sourcecode.swift; path = Sample1ViewController.swift; sourceTree = "<group>"; };
		2C65A7B024C5A42A00D98D5E /* Sample2ViewController.swift */ = {isa = PBXFileReference; lastKnownFileType = sourcecode.swift; path = Sample2ViewController.swift; sourceTree = "<group>"; };
		2C65A7B524C6771500D98D5E /* ESVRecycleView.h */ = {isa = PBXFileReference; lastKnownFileType = sourcecode.c.h; path = ESVRecycleView.h; sourceTree = "<group>"; };
		2C65A7B624C6771500D98D5E /* ESVRecycleView.m */ = {isa = PBXFileReference; lastKnownFileType = sourcecode.c.objc; path = ESVRecycleView.m; sourceTree = "<group>"; };
		2C7BFE7025144A12007195C9 /* README.md */ = {isa = PBXFileReference; lastKnownFileType = net.daringfireball.markdown; path = README.md; sourceTree = "<group>"; };
		2C7BFE8C2514840D007195C9 /* Sample4ViewController.swift */ = {isa = PBXFileReference; lastKnownFileType = sourcecode.swift; path = Sample4ViewController.swift; sourceTree = "<group>"; };
		2C84BC022446F103000FBB20 /* ESVStackPlaceHolder.h */ = {isa = PBXFileReference; lastKnownFileType = sourcecode.c.h; path = ESVStackPlaceHolder.h; sourceTree = "<group>"; };
		2C84BC032446F103000FBB20 /* ESVStackPlaceHolder.m */ = {isa = PBXFileReference; lastKnownFileType = sourcecode.c.objc; path = ESVStackPlaceHolder.m; sourceTree = "<group>"; };
		2C84BC062446F1E9000FBB20 /* ESVStackItemType.h */ = {isa = PBXFileReference; lastKnownFileType = sourcecode.c.h; path = ESVStackItemType.h; sourceTree = "<group>"; };
		2C84BC0A2446FF81000FBB20 /* UIView+ESV.h */ = {isa = PBXFileReference; lastKnownFileType = sourcecode.c.h; path = "UIView+ESV.h"; sourceTree = "<group>"; };
		2C84BC0B2446FF81000FBB20 /* UIView+ESV.m */ = {isa = PBXFileReference; lastKnownFileType = sourcecode.c.objc; path = "UIView+ESV.m"; sourceTree = "<group>"; };
		2CBC6D9D24D17BC000070DF0 /* ESVRecyclableModel.h */ = {isa = PBXFileReference; lastKnownFileType = sourcecode.c.h; path = ESVRecyclableModel.h; sourceTree = "<group>"; };
		2CBC6D9E24D17BC000070DF0 /* ESVRecyclableModel.m */ = {isa = PBXFileReference; lastKnownFileType = sourcecode.c.objc; path = ESVRecyclableModel.m; sourceTree = "<group>"; };
		2CC3686025128C2000DC7191 /* ESVRecycleCellType.h */ = {isa = PBXFileReference; lastKnownFileType = sourcecode.c.h; path = ESVRecycleCellType.h; sourceTree = "<group>"; };
		2CDD5A9E244F1E1800068C1D /* ESVScrollView.h */ = {isa = PBXFileReference; lastKnownFileType = sourcecode.c.h; path = ESVScrollView.h; sourceTree = "<group>"; };
		2CDD5A9F244F1E1800068C1D /* ESVScrollView.m */ = {isa = PBXFileReference; lastKnownFileType = sourcecode.c.objc; path = ESVScrollView.m; sourceTree = "<group>"; };
		2CE80DD324F6AB7600B3D5EC /* ESVRecycleManager.h */ = {isa = PBXFileReference; lastKnownFileType = sourcecode.c.h; path = ESVRecycleManager.h; sourceTree = "<group>"; };
		2CE80DD424F6AB7600B3D5EC /* ESVRecycleManager.m */ = {isa = PBXFileReference; lastKnownFileType = sourcecode.c.objc; path = ESVRecycleManager.m; sourceTree = "<group>"; };
		2CF1251B243C58ED00DC254C /* ESVFrameUtil.h */ = {isa = PBXFileReference; lastKnownFileType = sourcecode.c.h; path = ESVFrameUtil.h; sourceTree = "<group>"; };
		2CF1251C243C58ED00DC254C /* ESVFrameUtil.m */ = {isa = PBXFileReference; lastKnownFileType = sourcecode.c.objc; path = ESVFrameUtil.m; sourceTree = "<group>"; };
		9CE3A61CCC1810D020122FB8 /* ESVStackItemConfig.m */ = {isa = PBXFileReference; fileEncoding = 4; lastKnownFileType = sourcecode.c.objc; path = ESVStackItemConfig.m; sourceTree = "<group>"; };
		9CE3A8D6497A87D47024BCAA /* ESVStackItemConfig.h */ = {isa = PBXFileReference; fileEncoding = 4; lastKnownFileType = sourcecode.c.h; path = ESVStackItemConfig.h; sourceTree = "<group>"; };
/* End PBXFileReference section */

/* Begin PBXFrameworksBuildPhase section */
		2C49EA0E24358DB40026233D /* Frameworks */ = {
			isa = PBXFrameworksBuildPhase;
			buildActionMask = 2147483647;
			files = (
			);
			runOnlyForDeploymentPostprocessing = 0;
		};
		2C49EA1724358DB40026233D /* Frameworks */ = {
			isa = PBXFrameworksBuildPhase;
			buildActionMask = 2147483647;
			files = (
				2C49EA1B24358DB40026233D /* EasyStackView.framework in Frameworks */,
			);
			runOnlyForDeploymentPostprocessing = 0;
		};
		2C49EA2C24358DC90026233D /* Frameworks */ = {
			isa = PBXFrameworksBuildPhase;
			buildActionMask = 2147483647;
			files = (
				2CF12520243C62C500DC254C /* EasyStackView.framework in Frameworks */,
			);
			runOnlyForDeploymentPostprocessing = 0;
		};
		2C49EA4124358DCB0026233D /* Frameworks */ = {
			isa = PBXFrameworksBuildPhase;
			buildActionMask = 2147483647;
			files = (
			);
			runOnlyForDeploymentPostprocessing = 0;
		};
		2C49EA4C24358DCB0026233D /* Frameworks */ = {
			isa = PBXFrameworksBuildPhase;
			buildActionMask = 2147483647;
			files = (
			);
			runOnlyForDeploymentPostprocessing = 0;
		};
/* End PBXFrameworksBuildPhase section */

/* Begin PBXGroup section */
		2C49EA0724358DB40026233D = {
			isa = PBXGroup;
			children = (
				2C7BFE7025144A12007195C9 /* README.md */,
				2C002E03245602A300364C88 /* EasyStackView.podspec */,
				2C49EA1324358DB40026233D /* EasyStackView */,
				2C49EA1E24358DB40026233D /* EasyStackViewTests */,
				2C49EA3024358DC90026233D /* Demo */,
				2C49EA4724358DCB0026233D /* DemoTests */,
				2C49EA5224358DCB0026233D /* DemoUITests */,
				2C49EA1224358DB40026233D /* Products */,
				2CF1251F243C62C500DC254C /* Frameworks */,
			);
			sourceTree = "<group>";
		};
		2C49EA1224358DB40026233D /* Products */ = {
			isa = PBXGroup;
			children = (
				2C49EA1124358DB40026233D /* EasyStackView.framework */,
				2C49EA1A24358DB40026233D /* EasyStackViewTests.xctest */,
				2C49EA2F24358DC90026233D /* Demo.app */,
				2C49EA4424358DCB0026233D /* DemoTests.xctest */,
				2C49EA4F24358DCB0026233D /* DemoUITests.xctest */,
			);
			name = Products;
			sourceTree = "<group>";
		};
		2C49EA1324358DB40026233D /* EasyStackView */ = {
			isa = PBXGroup;
			children = (
				2C65A7B224C676C200D98D5E /* RecycleView */,
				2C65A7A924C58A0D00D98D5E /* Control */,
				2CDD5AA3244F23F600068C1D /* ScrollView */,
				2CDD5AA2244F23CE00068C1D /* StackView */,
				2CDD5A9D244F1D8C00068C1D /* Protocol */,
				2C49EA1424358DB40026233D /* EasyStackView.h */,
				2C52A258243F272F008FFD73 /* ESVEnum.h */,
				2C84BC0A2446FF81000FBB20 /* UIView+ESV.h */,
				2C84BC0B2446FF81000FBB20 /* UIView+ESV.m */,
				9CE3A8D6497A87D47024BCAA /* ESVStackItemConfig.h */,
				9CE3A61CCC1810D020122FB8 /* ESVStackItemConfig.m */,
				2CF1251B243C58ED00DC254C /* ESVFrameUtil.h */,
				2CF1251C243C58ED00DC254C /* ESVFrameUtil.m */,
				2C52A3342444086E008FFD73 /* ESVStackItemConfig+Axis.h */,
				2C52A3352444086E008FFD73 /* ESVStackItemConfig+Axis.m */,
				2C49EA1524358DB40026233D /* Info.plist */,
			);
			path = EasyStackView;
			sourceTree = "<group>";
		};
		2C49EA1E24358DB40026233D /* EasyStackViewTests */ = {
			isa = PBXGroup;
			children = (
				2C49EA1F24358DB40026233D /* EasyStackViewTests.m */,
				2C49EA2124358DB40026233D /* Info.plist */,
			);
			path = EasyStackViewTests;
			sourceTree = "<group>";
		};
		2C49EA3024358DC90026233D /* Demo */ = {
			isa = PBXGroup;
			children = (
				2C49EA3124358DC90026233D /* AppDelegate.swift */,
				2C49EA3524358DC90026233D /* ViewController.swift */,
				2C49EA3A24358DCB0026233D /* Assets.xcassets */,
				2C49EA3C24358DCB0026233D /* LaunchScreen.storyboard */,
				2C49EA3F24358DCB0026233D /* Info.plist */,
				2C65A7AE24C58F4600D98D5E /* Sample1ViewController.swift */,
				2C65A7B024C5A42A00D98D5E /* Sample2ViewController.swift */,
				2C61367B24D5CF4D00289776 /* Sample3ViewController.swift */,
				2C7BFE8C2514840D007195C9 /* Sample4ViewController.swift */,
				2C08C6AE252330CA00316CC0 /* Sample5ViewController.swift */,
			);
			path = Demo;
			sourceTree = "<group>";
		};
		2C49EA4724358DCB0026233D /* DemoTests */ = {
			isa = PBXGroup;
			children = (
				2C49EA4824358DCB0026233D /* DemoTests.swift */,
				2C49EA4A24358DCB0026233D /* Info.plist */,
			);
			path = DemoTests;
			sourceTree = "<group>";
		};
		2C49EA5224358DCB0026233D /* DemoUITests */ = {
			isa = PBXGroup;
			children = (
				2C49EA5324358DCB0026233D /* DemoUITests.swift */,
				2C49EA5524358DCB0026233D /* Info.plist */,
			);
			path = DemoUITests;
			sourceTree = "<group>";
		};
		2C65A7A924C58A0D00D98D5E /* Control */ = {
			isa = PBXGroup;
			children = (
				2C65A7AA24C58A2300D98D5E /* ESVStackControl.h */,
				2C65A7AB24C58A2300D98D5E /* ESVStackControl.m */,
			);
			path = Control;
			sourceTree = "<group>";
		};
		2C65A7B224C676C200D98D5E /* RecycleView */ = {
			isa = PBXGroup;
			children = (
				2C65A7B524C6771500D98D5E /* ESVRecycleView.h */,
				2C65A7B624C6771500D98D5E /* ESVRecycleView.m */,
				2CC3686025128C2000DC7191 /* ESVRecycleCellType.h */,
				2CBC6D9D24D17BC000070DF0 /* ESVRecyclableModel.h */,
				2CBC6D9E24D17BC000070DF0 /* ESVRecyclableModel.m */,
				2CE80DD324F6AB7600B3D5EC /* ESVRecycleManager.h */,
				2CE80DD424F6AB7600B3D5EC /* ESVRecycleManager.m */,
				2C61367524D5BC6A00289776 /* ESVCoupleSet.h */,
				2C61367924D5C98C00289776 /* ESVCoupleSet.m */,
			);
			path = RecycleView;
			sourceTree = "<group>";
		};
		2CDD5A9D244F1D8C00068C1D /* Protocol */ = {
			isa = PBXGroup;
			children = (
				2C84BC062446F1E9000FBB20 /* ESVStackItemType.h */,
				2C52A2AE2440CE17008FFD73 /* ESVItemManageType.h */,
				2C52A2B22440CEBC008FFD73 /* ESVFlexManageType.h */,
				2C52A2B62440D055008FFD73 /* ESVConfigManageType.h */,
				2C52A32C24440606008FFD73 /* ESVRefreshManageType.h */,
			);
			path = Protocol;
			sourceTree = "<group>";
		};
		2CDD5AA2244F23CE00068C1D /* StackView */ = {
			isa = PBXGroup;
			children = (
				2C49EA5F24358E3F0026233D /* ESVStackView.h */,
				2C49EA6024358E3F0026233D /* ESVStackView.m */,
				2C84BC022446F103000FBB20 /* ESVStackPlaceHolder.h */,
				2C84BC032446F103000FBB20 /* ESVStackPlaceHolder.m */,
				2C52A33024440651008FFD73 /* ESVCalculator.h */,
				2C52A33124440651008FFD73 /* ESVCalculator.m */,
			);
			path = StackView;
			sourceTree = "<group>";
		};
		2CDD5AA3244F23F600068C1D /* ScrollView */ = {
			isa = PBXGroup;
			children = (
				2CDD5A9E244F1E1800068C1D /* ESVScrollView.h */,
				2CDD5A9F244F1E1800068C1D /* ESVScrollView.m */,
			);
			path = ScrollView;
			sourceTree = "<group>";
		};
		2CF1251F243C62C500DC254C /* Frameworks */ = {
			isa = PBXGroup;
			children = (
			);
			name = Frameworks;
			sourceTree = "<group>";
		};
/* End PBXGroup section */

/* Begin PBXHeadersBuildPhase section */
		2C49EA0C24358DB40026233D /* Headers */ = {
			isa = PBXHeadersBuildPhase;
			buildActionMask = 2147483647;
			files = (
				2C49EA2224358DB40026233D /* EasyStackView.h in Headers */,
				2CBC6D9F24D17BC000070DF0 /* ESVRecyclableModel.h in Headers */,
				2C65A7AC24C58A2300D98D5E /* ESVStackControl.h in Headers */,
				2C52A2B02440CE17008FFD73 /* ESVItemManageType.h in Headers */,
				2C52A2B82440D055008FFD73 /* ESVConfigManageType.h in Headers */,
				2C65A7B724C6771500D98D5E /* ESVRecycleView.h in Headers */,
				2C49EA6124358E3F0026233D /* ESVStackView.h in Headers */,
				2C52A32E24440606008FFD73 /* ESVRefreshManageType.h in Headers */,
				2C52A33224440651008FFD73 /* ESVCalculator.h in Headers */,
				2CE80DD524F6AB7600B3D5EC /* ESVRecycleManager.h in Headers */,
				2C61367724D5BC6B00289776 /* ESVCoupleSet.h in Headers */,
				2C84BC042446F103000FBB20 /* ESVStackPlaceHolder.h in Headers */,
				2C52A3362444086E008FFD73 /* ESVStackItemConfig+Axis.h in Headers */,
				2C84BC082446F1E9000FBB20 /* ESVStackItemType.h in Headers */,
				9CE3A97067E032885ACEBB18 /* ESVStackItemConfig.h in Headers */,
				2CC3686225128C2000DC7191 /* ESVRecycleCellType.h in Headers */,
				2C84BC0C2446FF81000FBB20 /* UIView+ESV.h in Headers */,
				2CF1251D243C58ED00DC254C /* ESVFrameUtil.h in Headers */,
				2C52A259243F2755008FFD73 /* ESVEnum.h in Headers */,
				2C52A2B42440CEBC008FFD73 /* ESVFlexManageType.h in Headers */,
				2CDD5AA0244F1E1800068C1D /* ESVScrollView.h in Headers */,
			);
			runOnlyForDeploymentPostprocessing = 0;
		};
/* End PBXHeadersBuildPhase section */

/* Begin PBXNativeTarget section */
		2C49EA1024358DB40026233D /* EasyStackView */ = {
			isa = PBXNativeTarget;
			buildConfigurationList = 2C49EA2524358DB40026233D /* Build configuration list for PBXNativeTarget "EasyStackView" */;
			buildPhases = (
				2C49EA0C24358DB40026233D /* Headers */,
				2C49EA0D24358DB40026233D /* Sources */,
				2C49EA0E24358DB40026233D /* Frameworks */,
				2C49EA0F24358DB40026233D /* Resources */,
			);
			buildRules = (
			);
			dependencies = (
			);
			name = EasyStackView;
			productName = EasyStackView;
			productReference = 2C49EA1124358DB40026233D /* EasyStackView.framework */;
			productType = "com.apple.product-type.framework";
		};
		2C49EA1924358DB40026233D /* EasyStackViewTests */ = {
			isa = PBXNativeTarget;
			buildConfigurationList = 2C49EA2824358DB40026233D /* Build configuration list for PBXNativeTarget "EasyStackViewTests" */;
			buildPhases = (
				2C49EA1624358DB40026233D /* Sources */,
				2C49EA1724358DB40026233D /* Frameworks */,
				2C49EA1824358DB40026233D /* Resources */,
			);
			buildRules = (
			);
			dependencies = (
				2C49EA1D24358DB40026233D /* PBXTargetDependency */,
			);
			name = EasyStackViewTests;
			productName = EasyStackViewTests;
			productReference = 2C49EA1A24358DB40026233D /* EasyStackViewTests.xctest */;
			productType = "com.apple.product-type.bundle.unit-test";
		};
		2C49EA2E24358DC90026233D /* Demo */ = {
			isa = PBXNativeTarget;
			buildConfigurationList = 2C49EA5624358DCB0026233D /* Build configuration list for PBXNativeTarget "Demo" */;
			buildPhases = (
				2C49EA2B24358DC90026233D /* Sources */,
				2C49EA2C24358DC90026233D /* Frameworks */,
				2C49EA2D24358DC90026233D /* Resources */,
				2CF12524243C62C500DC254C /* Embed Frameworks */,
			);
			buildRules = (
			);
			dependencies = (
				2CF12523243C62C500DC254C /* PBXTargetDependency */,
			);
			name = Demo;
			productName = Demo;
			productReference = 2C49EA2F24358DC90026233D /* Demo.app */;
			productType = "com.apple.product-type.application";
		};
		2C49EA4324358DCB0026233D /* DemoTests */ = {
			isa = PBXNativeTarget;
			buildConfigurationList = 2C49EA5924358DCB0026233D /* Build configuration list for PBXNativeTarget "DemoTests" */;
			buildPhases = (
				2C49EA4024358DCB0026233D /* Sources */,
				2C49EA4124358DCB0026233D /* Frameworks */,
				2C49EA4224358DCB0026233D /* Resources */,
			);
			buildRules = (
			);
			dependencies = (
				2C49EA4624358DCB0026233D /* PBXTargetDependency */,
			);
			name = DemoTests;
			productName = DemoTests;
			productReference = 2C49EA4424358DCB0026233D /* DemoTests.xctest */;
			productType = "com.apple.product-type.bundle.unit-test";
		};
		2C49EA4E24358DCB0026233D /* DemoUITests */ = {
			isa = PBXNativeTarget;
			buildConfigurationList = 2C49EA5C24358DCB0026233D /* Build configuration list for PBXNativeTarget "DemoUITests" */;
			buildPhases = (
				2C49EA4B24358DCB0026233D /* Sources */,
				2C49EA4C24358DCB0026233D /* Frameworks */,
				2C49EA4D24358DCB0026233D /* Resources */,
			);
			buildRules = (
			);
			dependencies = (
				2C49EA5124358DCB0026233D /* PBXTargetDependency */,
			);
			name = DemoUITests;
			productName = DemoUITests;
			productReference = 2C49EA4F24358DCB0026233D /* DemoUITests.xctest */;
			productType = "com.apple.product-type.bundle.ui-testing";
		};
/* End PBXNativeTarget section */

/* Begin PBXProject section */
		2C49EA0824358DB40026233D /* Project object */ = {
			isa = PBXProject;
			attributes = {
				LastSwiftUpdateCheck = 1130;
				LastUpgradeCheck = 1130;
				ORGANIZATIONNAME = Elenion;
				TargetAttributes = {
					2C49EA1024358DB40026233D = {
						CreatedOnToolsVersion = 11.3.1;
						LastSwiftMigration = 1200;
					};
					2C49EA1924358DB40026233D = {
						CreatedOnToolsVersion = 11.3.1;
					};
					2C49EA2E24358DC90026233D = {
						CreatedOnToolsVersion = 11.3.1;
					};
					2C49EA4324358DCB0026233D = {
						CreatedOnToolsVersion = 11.3.1;
						TestTargetID = 2C49EA2E24358DC90026233D;
					};
					2C49EA4E24358DCB0026233D = {
						CreatedOnToolsVersion = 11.3.1;
						TestTargetID = 2C49EA2E24358DC90026233D;
					};
				};
			};
			buildConfigurationList = 2C49EA0B24358DB40026233D /* Build configuration list for PBXProject "EasyStackView" */;
			compatibilityVersion = "Xcode 9.3";
			developmentRegion = en;
			hasScannedForEncodings = 0;
			knownRegions = (
				en,
				Base,
			);
			mainGroup = 2C49EA0724358DB40026233D;
			productRefGroup = 2C49EA1224358DB40026233D /* Products */;
			projectDirPath = "";
			projectRoot = "";
			targets = (
				2C49EA1024358DB40026233D /* EasyStackView */,
				2C49EA1924358DB40026233D /* EasyStackViewTests */,
				2C49EA2E24358DC90026233D /* Demo */,
				2C49EA4324358DCB0026233D /* DemoTests */,
				2C49EA4E24358DCB0026233D /* DemoUITests */,
			);
		};
/* End PBXProject section */

/* Begin PBXResourcesBuildPhase section */
		2C49EA0F24358DB40026233D /* Resources */ = {
			isa = PBXResourcesBuildPhase;
			buildActionMask = 2147483647;
			files = (
			);
			runOnlyForDeploymentPostprocessing = 0;
		};
		2C49EA1824358DB40026233D /* Resources */ = {
			isa = PBXResourcesBuildPhase;
			buildActionMask = 2147483647;
			files = (
			);
			runOnlyForDeploymentPostprocessing = 0;
		};
		2C49EA2D24358DC90026233D /* Resources */ = {
			isa = PBXResourcesBuildPhase;
			buildActionMask = 2147483647;
			files = (
				2C49EA3E24358DCB0026233D /* LaunchScreen.storyboard in Resources */,
				2C49EA3B24358DCB0026233D /* Assets.xcassets in Resources */,
			);
			runOnlyForDeploymentPostprocessing = 0;
		};
		2C49EA4224358DCB0026233D /* Resources */ = {
			isa = PBXResourcesBuildPhase;
			buildActionMask = 2147483647;
			files = (
			);
			runOnlyForDeploymentPostprocessing = 0;
		};
		2C49EA4D24358DCB0026233D /* Resources */ = {
			isa = PBXResourcesBuildPhase;
			buildActionMask = 2147483647;
			files = (
			);
			runOnlyForDeploymentPostprocessing = 0;
		};
/* End PBXResourcesBuildPhase section */

/* Begin PBXSourcesBuildPhase section */
		2C49EA0D24358DB40026233D /* Sources */ = {
			isa = PBXSourcesBuildPhase;
			buildActionMask = 2147483647;
			files = (
				2C61367A24D5C98C00289776 /* ESVCoupleSet.m in Sources */,
				2CBC6DA024D17BC000070DF0 /* ESVRecyclableModel.m in Sources */,
				2C49EA6224358E3F0026233D /* ESVStackView.m in Sources */,
				2C65A7B824C6771500D98D5E /* ESVRecycleView.m in Sources */,
				2CF1251E243C58ED00DC254C /* ESVFrameUtil.m in Sources */,
				2CDD5AA1244F1E1800068C1D /* ESVScrollView.m in Sources */,
				2C52A33324440651008FFD73 /* ESVCalculator.m in Sources */,
				2C84BC052446F103000FBB20 /* ESVStackPlaceHolder.m in Sources */,
				2C65A7AD24C58A2300D98D5E /* ESVStackControl.m in Sources */,
				2CE80DD624F6AB7600B3D5EC /* ESVRecycleManager.m in Sources */,
				9CE3A6DBAD52A6AAE7EA04C5 /* ESVStackItemConfig.m in Sources */,
				2C52A3372444086E008FFD73 /* ESVStackItemConfig+Axis.m in Sources */,
				2C84BC0D2446FF81000FBB20 /* UIView+ESV.m in Sources */,
			);
			runOnlyForDeploymentPostprocessing = 0;
		};
		2C49EA1624358DB40026233D /* Sources */ = {
			isa = PBXSourcesBuildPhase;
			buildActionMask = 2147483647;
			files = (
				2C49EA2024358DB40026233D /* EasyStackViewTests.m in Sources */,
			);
			runOnlyForDeploymentPostprocessing = 0;
		};
		2C49EA2B24358DC90026233D /* Sources */ = {
			isa = PBXSourcesBuildPhase;
			buildActionMask = 2147483647;
			files = (
				2C65A7AF24C58F4600D98D5E /* Sample1ViewController.swift in Sources */,
				2C7BFE8D2514840D007195C9 /* Sample4ViewController.swift in Sources */,
				2C65A7B124C5A42A00D98D5E /* Sample2ViewController.swift in Sources */,
				2C49EA3624358DC90026233D /* ViewController.swift in Sources */,
				2C08C6AF252330CA00316CC0 /* Sample5ViewController.swift in Sources */,
				2C49EA3224358DC90026233D /* AppDelegate.swift in Sources */,
				2C61367C24D5CF4D00289776 /* Sample3ViewController.swift in Sources */,
			);
			runOnlyForDeploymentPostprocessing = 0;
		};
		2C49EA4024358DCB0026233D /* Sources */ = {
			isa = PBXSourcesBuildPhase;
			buildActionMask = 2147483647;
			files = (
				2C49EA4924358DCB0026233D /* DemoTests.swift in Sources */,
			);
			runOnlyForDeploymentPostprocessing = 0;
		};
		2C49EA4B24358DCB0026233D /* Sources */ = {
			isa = PBXSourcesBuildPhase;
			buildActionMask = 2147483647;
			files = (
				2C49EA5424358DCB0026233D /* DemoUITests.swift in Sources */,
			);
			runOnlyForDeploymentPostprocessing = 0;
		};
/* End PBXSourcesBuildPhase section */

/* Begin PBXTargetDependency section */
		2C49EA1D24358DB40026233D /* PBXTargetDependency */ = {
			isa = PBXTargetDependency;
			target = 2C49EA1024358DB40026233D /* EasyStackView */;
			targetProxy = 2C49EA1C24358DB40026233D /* PBXContainerItemProxy */;
		};
		2C49EA4624358DCB0026233D /* PBXTargetDependency */ = {
			isa = PBXTargetDependency;
			target = 2C49EA2E24358DC90026233D /* Demo */;
			targetProxy = 2C49EA4524358DCB0026233D /* PBXContainerItemProxy */;
		};
		2C49EA5124358DCB0026233D /* PBXTargetDependency */ = {
			isa = PBXTargetDependency;
			target = 2C49EA2E24358DC90026233D /* Demo */;
			targetProxy = 2C49EA5024358DCB0026233D /* PBXContainerItemProxy */;
		};
		2CF12523243C62C500DC254C /* PBXTargetDependency */ = {
			isa = PBXTargetDependency;
			target = 2C49EA1024358DB40026233D /* EasyStackView */;
			targetProxy = 2CF12522243C62C500DC254C /* PBXContainerItemProxy */;
		};
/* End PBXTargetDependency section */

/* Begin PBXVariantGroup section */
		2C49EA3C24358DCB0026233D /* LaunchScreen.storyboard */ = {
			isa = PBXVariantGroup;
			children = (
				2C49EA3D24358DCB0026233D /* Base */,
			);
			name = LaunchScreen.storyboard;
			sourceTree = "<group>";
		};
/* End PBXVariantGroup section */

/* Begin XCBuildConfiguration section */
		2C49EA2324358DB40026233D /* Debug */ = {
			isa = XCBuildConfiguration;
			buildSettings = {
				ALWAYS_SEARCH_USER_PATHS = NO;
				CLANG_ANALYZER_NONNULL = YES;
				CLANG_ANALYZER_NUMBER_OBJECT_CONVERSION = YES_AGGRESSIVE;
				CLANG_CXX_LANGUAGE_STANDARD = "gnu++14";
				CLANG_CXX_LIBRARY = "libc++";
				CLANG_ENABLE_MODULES = YES;
				CLANG_ENABLE_OBJC_ARC = YES;
				CLANG_ENABLE_OBJC_WEAK = YES;
				CLANG_WARN_BLOCK_CAPTURE_AUTORELEASING = YES;
				CLANG_WARN_BOOL_CONVERSION = YES;
				CLANG_WARN_COMMA = YES;
				CLANG_WARN_CONSTANT_CONVERSION = YES;
				CLANG_WARN_DEPRECATED_OBJC_IMPLEMENTATIONS = YES;
				CLANG_WARN_DIRECT_OBJC_ISA_USAGE = YES_ERROR;
				CLANG_WARN_DOCUMENTATION_COMMENTS = YES;
				CLANG_WARN_EMPTY_BODY = YES;
				CLANG_WARN_ENUM_CONVERSION = YES;
				CLANG_WARN_INFINITE_RECURSION = YES;
				CLANG_WARN_INT_CONVERSION = YES;
				CLANG_WARN_NON_LITERAL_NULL_CONVERSION = YES;
				CLANG_WARN_OBJC_IMPLICIT_RETAIN_SELF = YES;
				CLANG_WARN_OBJC_LITERAL_CONVERSION = YES;
				CLANG_WARN_OBJC_ROOT_CLASS = YES_ERROR;
				CLANG_WARN_RANGE_LOOP_ANALYSIS = YES;
				CLANG_WARN_STRICT_PROTOTYPES = YES;
				CLANG_WARN_SUSPICIOUS_MOVE = YES;
				CLANG_WARN_UNGUARDED_AVAILABILITY = YES_AGGRESSIVE;
				CLANG_WARN_UNREACHABLE_CODE = YES;
				CLANG_WARN__DUPLICATE_METHOD_MATCH = YES;
				COPY_PHASE_STRIP = NO;
				CURRENT_PROJECT_VERSION = 1;
				DEBUG_INFORMATION_FORMAT = dwarf;
				ENABLE_STRICT_OBJC_MSGSEND = YES;
				ENABLE_TESTABILITY = YES;
				GCC_C_LANGUAGE_STANDARD = gnu11;
				GCC_DYNAMIC_NO_PIC = NO;
				GCC_NO_COMMON_BLOCKS = YES;
				GCC_OPTIMIZATION_LEVEL = 0;
				GCC_PREPROCESSOR_DEFINITIONS = (
					"DEBUG=1",
					"$(inherited)",
				);
				GCC_WARN_64_TO_32_BIT_CONVERSION = YES;
				GCC_WARN_ABOUT_RETURN_TYPE = YES_ERROR;
				GCC_WARN_UNDECLARED_SELECTOR = YES;
				GCC_WARN_UNINITIALIZED_AUTOS = YES_AGGRESSIVE;
				GCC_WARN_UNUSED_FUNCTION = YES;
				GCC_WARN_UNUSED_VARIABLE = YES;
				IPHONEOS_DEPLOYMENT_TARGET = 8.0;
				MTL_ENABLE_DEBUG_INFO = INCLUDE_SOURCE;
				MTL_FAST_MATH = YES;
				ONLY_ACTIVE_ARCH = YES;
				SDKROOT = iphoneos;
				VERSIONING_SYSTEM = "apple-generic";
				VERSION_INFO_PREFIX = "";
			};
			name = Debug;
		};
		2C49EA2424358DB40026233D /* Release */ = {
			isa = XCBuildConfiguration;
			buildSettings = {
				ALWAYS_SEARCH_USER_PATHS = NO;
				CLANG_ANALYZER_NONNULL = YES;
				CLANG_ANALYZER_NUMBER_OBJECT_CONVERSION = YES_AGGRESSIVE;
				CLANG_CXX_LANGUAGE_STANDARD = "gnu++14";
				CLANG_CXX_LIBRARY = "libc++";
				CLANG_ENABLE_MODULES = YES;
				CLANG_ENABLE_OBJC_ARC = YES;
				CLANG_ENABLE_OBJC_WEAK = YES;
				CLANG_WARN_BLOCK_CAPTURE_AUTORELEASING = YES;
				CLANG_WARN_BOOL_CONVERSION = YES;
				CLANG_WARN_COMMA = YES;
				CLANG_WARN_CONSTANT_CONVERSION = YES;
				CLANG_WARN_DEPRECATED_OBJC_IMPLEMENTATIONS = YES;
				CLANG_WARN_DIRECT_OBJC_ISA_USAGE = YES_ERROR;
				CLANG_WARN_DOCUMENTATION_COMMENTS = YES;
				CLANG_WARN_EMPTY_BODY = YES;
				CLANG_WARN_ENUM_CONVERSION = YES;
				CLANG_WARN_INFINITE_RECURSION = YES;
				CLANG_WARN_INT_CONVERSION = YES;
				CLANG_WARN_NON_LITERAL_NULL_CONVERSION = YES;
				CLANG_WARN_OBJC_IMPLICIT_RETAIN_SELF = YES;
				CLANG_WARN_OBJC_LITERAL_CONVERSION = YES;
				CLANG_WARN_OBJC_ROOT_CLASS = YES_ERROR;
				CLANG_WARN_RANGE_LOOP_ANALYSIS = YES;
				CLANG_WARN_STRICT_PROTOTYPES = YES;
				CLANG_WARN_SUSPICIOUS_MOVE = YES;
				CLANG_WARN_UNGUARDED_AVAILABILITY = YES_AGGRESSIVE;
				CLANG_WARN_UNREACHABLE_CODE = YES;
				CLANG_WARN__DUPLICATE_METHOD_MATCH = YES;
				COPY_PHASE_STRIP = NO;
				CURRENT_PROJECT_VERSION = 1;
				DEBUG_INFORMATION_FORMAT = "dwarf-with-dsym";
				ENABLE_NS_ASSERTIONS = NO;
				ENABLE_STRICT_OBJC_MSGSEND = YES;
				GCC_C_LANGUAGE_STANDARD = gnu11;
				GCC_NO_COMMON_BLOCKS = YES;
				GCC_WARN_64_TO_32_BIT_CONVERSION = YES;
				GCC_WARN_ABOUT_RETURN_TYPE = YES_ERROR;
				GCC_WARN_UNDECLARED_SELECTOR = YES;
				GCC_WARN_UNINITIALIZED_AUTOS = YES_AGGRESSIVE;
				GCC_WARN_UNUSED_FUNCTION = YES;
				GCC_WARN_UNUSED_VARIABLE = YES;
				IPHONEOS_DEPLOYMENT_TARGET = 8.0;
				MTL_ENABLE_DEBUG_INFO = NO;
				MTL_FAST_MATH = YES;
				SDKROOT = iphoneos;
				SWIFT_COMPILATION_MODE = wholemodule;
				VALIDATE_PRODUCT = YES;
				VERSIONING_SYSTEM = "apple-generic";
				VERSION_INFO_PREFIX = "";
			};
			name = Release;
		};
		2C49EA2624358DB40026233D /* Debug */ = {
			isa = XCBuildConfiguration;
			buildSettings = {
				CLANG_ENABLE_MODULES = YES;
				CODE_SIGN_STYLE = Automatic;
				DEFINES_MODULE = YES;
				DYLIB_COMPATIBILITY_VERSION = 1;
				DYLIB_CURRENT_VERSION = 1;
				DYLIB_INSTALL_NAME_BASE = "@rpath";
				INFOPLIST_FILE = EasyStackView/Info.plist;
				INSTALL_PATH = "$(LOCAL_LIBRARY_DIR)/Frameworks";
				LD_RUNPATH_SEARCH_PATHS = (
					"$(inherited)",
					"@executable_path/Frameworks",
					"@loader_path/Frameworks",
				);
				PRODUCT_BUNDLE_IDENTIFIER = com.elenion.EasyStackView;
				PRODUCT_NAME = "$(TARGET_NAME:c99extidentifier)";
				SKIP_INSTALL = YES;
				SWIFT_OPTIMIZATION_LEVEL = "-Onone";
				SWIFT_VERSION = 5.0;
				TARGETED_DEVICE_FAMILY = "1,2";
			};
			name = Debug;
		};
		2C49EA2724358DB40026233D /* Release */ = {
			isa = XCBuildConfiguration;
			buildSettings = {
				CLANG_ENABLE_MODULES = YES;
				CODE_SIGN_STYLE = Automatic;
				DEFINES_MODULE = YES;
				DYLIB_COMPATIBILITY_VERSION = 1;
				DYLIB_CURRENT_VERSION = 1;
				DYLIB_INSTALL_NAME_BASE = "@rpath";
				INFOPLIST_FILE = EasyStackView/Info.plist;
				INSTALL_PATH = "$(LOCAL_LIBRARY_DIR)/Frameworks";
				LD_RUNPATH_SEARCH_PATHS = (
					"$(inherited)",
					"@executable_path/Frameworks",
					"@loader_path/Frameworks",
				);
				PRODUCT_BUNDLE_IDENTIFIER = com.elenion.EasyStackView;
				PRODUCT_NAME = "$(TARGET_NAME:c99extidentifier)";
				SKIP_INSTALL = YES;
				SWIFT_VERSION = 5.0;
				TARGETED_DEVICE_FAMILY = "1,2";
			};
			name = Release;
		};
		2C49EA2924358DB40026233D /* Debug */ = {
			isa = XCBuildConfiguration;
			buildSettings = {
				CODE_SIGN_STYLE = Automatic;
				INFOPLIST_FILE = EasyStackViewTests/Info.plist;
				LD_RUNPATH_SEARCH_PATHS = (
					"$(inherited)",
					"@executable_path/Frameworks",
					"@loader_path/Frameworks",
				);
				PRODUCT_BUNDLE_IDENTIFIER = com.elenion.EasyStackViewTests;
				PRODUCT_NAME = "$(TARGET_NAME)";
				TARGETED_DEVICE_FAMILY = "1,2";
			};
			name = Debug;
		};
		2C49EA2A24358DB40026233D /* Release */ = {
			isa = XCBuildConfiguration;
			buildSettings = {
				CODE_SIGN_STYLE = Automatic;
				INFOPLIST_FILE = EasyStackViewTests/Info.plist;
				LD_RUNPATH_SEARCH_PATHS = (
					"$(inherited)",
					"@executable_path/Frameworks",
					"@loader_path/Frameworks",
				);
				PRODUCT_BUNDLE_IDENTIFIER = com.elenion.EasyStackViewTests;
				PRODUCT_NAME = "$(TARGET_NAME)";
				TARGETED_DEVICE_FAMILY = "1,2";
			};
			name = Release;
		};
		2C49EA5724358DCB0026233D /* Debug */ = {
			isa = XCBuildConfiguration;
			buildSettings = {
				ASSETCATALOG_COMPILER_APPICON_NAME = AppIcon;
				CODE_SIGN_STYLE = Automatic;
				DEVELOPMENT_TEAM = TV2WRE6V8Z;
				INFOPLIST_FILE = Demo/Info.plist;
				IPHONEOS_DEPLOYMENT_TARGET = 13.4;
				LD_RUNPATH_SEARCH_PATHS = (
					"$(inherited)",
					"@executable_path/Frameworks",
				);
				PRODUCT_BUNDLE_IDENTIFIER = com.elenion.Demo;
				PRODUCT_NAME = "$(TARGET_NAME)";
				SWIFT_ACTIVE_COMPILATION_CONDITIONS = DEBUG;
				SWIFT_OPTIMIZATION_LEVEL = "-Onone";
				SWIFT_VERSION = 5.0;
				TARGETED_DEVICE_FAMILY = "1,2";
			};
			name = Debug;
		};
		2C49EA5824358DCB0026233D /* Release */ = {
			isa = XCBuildConfiguration;
			buildSettings = {
				ASSETCATALOG_COMPILER_APPICON_NAME = AppIcon;
				CODE_SIGN_STYLE = Automatic;
				DEVELOPMENT_TEAM = TV2WRE6V8Z;
				INFOPLIST_FILE = Demo/Info.plist;
				IPHONEOS_DEPLOYMENT_TARGET = 13.4;
				LD_RUNPATH_SEARCH_PATHS = (
					"$(inherited)",
					"@executable_path/Frameworks",
				);
				PRODUCT_BUNDLE_IDENTIFIER = com.elenion.Demo;
				PRODUCT_NAME = "$(TARGET_NAME)";
				SWIFT_COMPILATION_MODE = wholemodule;
				SWIFT_OPTIMIZATION_LEVEL = "-O";
				SWIFT_VERSION = 5.0;
				TARGETED_DEVICE_FAMILY = "1,2";
			};
			name = Release;
		};
		2C49EA5A24358DCB0026233D /* Debug */ = {
			isa = XCBuildConfiguration;
			buildSettings = {
				ALWAYS_EMBED_SWIFT_STANDARD_LIBRARIES = YES;
				BUNDLE_LOADER = "$(TEST_HOST)";
				CODE_SIGN_STYLE = Automatic;
				INFOPLIST_FILE = DemoTests/Info.plist;
				IPHONEOS_DEPLOYMENT_TARGET = 13.2;
				LD_RUNPATH_SEARCH_PATHS = (
					"$(inherited)",
					"@executable_path/Frameworks",
					"@loader_path/Frameworks",
				);
				PRODUCT_BUNDLE_IDENTIFIER = com.elenion.DemoTests;
				PRODUCT_NAME = "$(TARGET_NAME)";
				SWIFT_ACTIVE_COMPILATION_CONDITIONS = DEBUG;
				SWIFT_OPTIMIZATION_LEVEL = "-Onone";
				SWIFT_VERSION = 5.0;
				TARGETED_DEVICE_FAMILY = "1,2";
				TEST_HOST = "$(BUILT_PRODUCTS_DIR)/Demo.app/Demo";
			};
			name = Debug;
		};
		2C49EA5B24358DCB0026233D /* Release */ = {
			isa = XCBuildConfiguration;
			buildSettings = {
				ALWAYS_EMBED_SWIFT_STANDARD_LIBRARIES = YES;
				BUNDLE_LOADER = "$(TEST_HOST)";
				CODE_SIGN_STYLE = Automatic;
				INFOPLIST_FILE = DemoTests/Info.plist;
				IPHONEOS_DEPLOYMENT_TARGET = 13.2;
				LD_RUNPATH_SEARCH_PATHS = (
					"$(inherited)",
					"@executable_path/Frameworks",
					"@loader_path/Frameworks",
				);
				PRODUCT_BUNDLE_IDENTIFIER = com.elenion.DemoTests;
				PRODUCT_NAME = "$(TARGET_NAME)";
				SWIFT_COMPILATION_MODE = wholemodule;
				SWIFT_OPTIMIZATION_LEVEL = "-O";
				SWIFT_VERSION = 5.0;
				TARGETED_DEVICE_FAMILY = "1,2";
				TEST_HOST = "$(BUILT_PRODUCTS_DIR)/Demo.app/Demo";
			};
			name = Release;
		};
		2C49EA5D24358DCB0026233D /* Debug */ = {
			isa = XCBuildConfiguration;
			buildSettings = {
				ALWAYS_EMBED_SWIFT_STANDARD_LIBRARIES = YES;
				CODE_SIGN_STYLE = Automatic;
				INFOPLIST_FILE = DemoUITests/Info.plist;
				LD_RUNPATH_SEARCH_PATHS = (
					"$(inherited)",
					"@executable_path/Frameworks",
					"@loader_path/Frameworks",
				);
				PRODUCT_BUNDLE_IDENTIFIER = com.elenion.DemoUITests;
				PRODUCT_NAME = "$(TARGET_NAME)";
				SWIFT_ACTIVE_COMPILATION_CONDITIONS = DEBUG;
				SWIFT_OPTIMIZATION_LEVEL = "-Onone";
				SWIFT_VERSION = 5.0;
				TARGETED_DEVICE_FAMILY = "1,2";
				TEST_TARGET_NAME = Demo;
			};
			name = Debug;
		};
		2C49EA5E24358DCB0026233D /* Release */ = {
			isa = XCBuildConfiguration;
			buildSettings = {
				ALWAYS_EMBED_SWIFT_STANDARD_LIBRARIES = YES;
				CODE_SIGN_STYLE = Automatic;
				INFOPLIST_FILE = DemoUITests/Info.plist;
				LD_RUNPATH_SEARCH_PATHS = (
					"$(inherited)",
					"@executable_path/Frameworks",
					"@loader_path/Frameworks",
				);
				PRODUCT_BUNDLE_IDENTIFIER = com.elenion.DemoUITests;
				PRODUCT_NAME = "$(TARGET_NAME)";
				SWIFT_COMPILATION_MODE = wholemodule;
				SWIFT_OPTIMIZATION_LEVEL = "-O";
				SWIFT_VERSION = 5.0;
				TARGETED_DEVICE_FAMILY = "1,2";
				TEST_TARGET_NAME = Demo;
			};
			name = Release;
		};
/* End XCBuildConfiguration section */

/* Begin XCConfigurationList section */
		2C49EA0B24358DB40026233D /* Build configuration list for PBXProject "EasyStackView" */ = {
			isa = XCConfigurationList;
			buildConfigurations = (
				2C49EA2324358DB40026233D /* Debug */,
				2C49EA2424358DB40026233D /* Release */,
			);
			defaultConfigurationIsVisible = 0;
			defaultConfigurationName = Release;
		};
		2C49EA2524358DB40026233D /* Build configuration list for PBXNativeTarget "EasyStackView" */ = {
			isa = XCConfigurationList;
			buildConfigurations = (
				2C49EA2624358DB40026233D /* Debug */,
				2C49EA2724358DB40026233D /* Release */,
			);
			defaultConfigurationIsVisible = 0;
			defaultConfigurationName = Release;
		};
		2C49EA2824358DB40026233D /* Build configuration list for PBXNativeTarget "EasyStackViewTests" */ = {
			isa = XCConfigurationList;
			buildConfigurations = (
				2C49EA2924358DB40026233D /* Debug */,
				2C49EA2A24358DB40026233D /* Release */,
			);
			defaultConfigurationIsVisible = 0;
			defaultConfigurationName = Release;
		};
		2C49EA5624358DCB0026233D /* Build configuration list for PBXNativeTarget "Demo" */ = {
			isa = XCConfigurationList;
			buildConfigurations = (
				2C49EA5724358DCB0026233D /* Debug */,
				2C49EA5824358DCB0026233D /* Release */,
			);
			defaultConfigurationIsVisible = 0;
			defaultConfigurationName = Release;
		};
		2C49EA5924358DCB0026233D /* Build configuration list for PBXNativeTarget "DemoTests" */ = {
			isa = XCConfigurationList;
			buildConfigurations = (
				2C49EA5A24358DCB0026233D /* Debug */,
				2C49EA5B24358DCB0026233D /* Release */,
			);
			defaultConfigurationIsVisible = 0;
			defaultConfigurationName = Release;
		};
		2C49EA5C24358DCB0026233D /* Build configuration list for PBXNativeTarget "DemoUITests" */ = {
			isa = XCConfigurationList;
			buildConfigurations = (
				2C49EA5D24358DCB0026233D /* Debug */,
				2C49EA5E24358DCB0026233D /* Release */,
			);
			defaultConfigurationIsVisible = 0;
			defaultConfigurationName = Release;
		};
/* End XCConfigurationList section */
	};
	rootObject = 2C49EA0824358DB40026233D /* Project object */;
}
