// !$*UTF8*$!
{
	archiveVersion = 1;
	classes = {
	};
	objectVersion = 50;
	objects = {

/* Begin PBXBuildFile section */
		2C49EA1B24358DB40026233D /* EasyStackView.framework in Frameworks */ = {isa = PBXBuildFile; fileRef = 2C49EA1124358DB40026233D /* EasyStackView.framework */; };
		2C49EA2024358DB40026233D /* EasyStackViewTests.m in Sources */ = {isa = PBXBuildFile; fileRef = 2C49EA1F24358DB40026233D /* EasyStackViewTests.m */; };
		2C49EA2224358DB40026233D /* EasyStackView.h in Headers */ = {isa = PBXBuildFile; fileRef = 2C49EA1424358DB40026233D /* EasyStackView.h */; settings = {ATTRIBUTES = (Public, ); }; };
/* End PBXBuildFile section */

/* Begin PBXContainerItemProxy section */
		2C49EA1C24358DB40026233D /* PBXContainerItemProxy */ = {
			isa = PBXContainerItemProxy;
			containerPortal = 2C49EA0824358DB40026233D /* Project object */;
			proxyType = 1;
			remoteGlobalIDString = 2C49EA1024358DB40026233D;
			remoteInfo = EasyStackView;
		};
/* End PBXContainerItemProxy section */

/* Begin PBXFileReference section */
		2C49EA1124358DB40026233D /* EasyStackView.framework */ = {isa = PBXFileReference; explicitFileType = wrapper.framework; includeInIndex = 0; path = EasyStackView.framework; sourceTree = BUILT_PRODUCTS_DIR; };
		2C49EA1424358DB40026233D /* EasyStackView.h */ = {isa = PBXFileReference; lastKnownFileType = sourcecode.c.h; path = EasyStackView.h; sourceTree = "<group>"; };
		2C49EA1524358DB40026233D /* Info.plist */ = {isa = PBXFileReference; lastKnownFileType = text.plist.xml; path = Info.plist; sourceTree = "<group>"; };
		2C49EA1A24358DB40026233D /* EasyStackViewTests.xctest */ = {isa = PBXFileReference; explicitFileType = wrapper.cfbundle; includeInIndex = 0; path = EasyStackViewTests.xctest; sourceTree = BUILT_PRODUCTS_DIR; };
		2C49EA1F24358DB40026233D /* EasyStackViewTests.m */ = {isa = PBXFileReference; lastKnownFileType = sourcecode.c.objc; path = EasyStackViewTests.m; sourceTree = "<group>"; };
		2C49EA2124358DB40026233D /* Info.plist */ = {isa = PBXFileReference; lastKnownFileType = text.plist.xml; path = Info.plist; sourceTree = "<group>"; };
/* End PBXFileReference section */

/* Begin PBXFrameworksBuildPhase section */
		2C49EA0E24358DB40026233D /* Frameworks */ = {
			isa = PBXFrameworksBuildPhase;
			buildActionMask = 2147483647;
			files = (
			);
			runOnlyForDeploymentPostprocessing = 0;
		};
		2C49EA1724358DB40026233D /* Frameworks */ = {
			isa = PBXFrameworksBuildPhase;
			buildActionMask = 2147483647;
			files = (
				2C49EA1B24358DB40026233D /* EasyStackView.framework in Frameworks */,
			);
			runOnlyForDeploymentPostprocessing = 0;
		};
/* End PBXFrameworksBuildPhase section */

/* Begin PBXGroup section */
		2C49EA0724358DB40026233D = {
			isa = PBXGroup;
			children = (
				2C49EA1324358DB40026233D /* EasyStackView */,
				2C49EA1E24358DB40026233D /* EasyStackViewTests */,
				2C49EA1224358DB40026233D /* Products */,
			);
			sourceTree = "<group>";
		};
		2C49EA1224358DB40026233D /* Products */ = {
			isa = PBXGroup;
			children = (
				2C49EA1124358DB40026233D /* EasyStackView.framework */,
				2C49EA1A24358DB40026233D /* EasyStackViewTests.xctest */,
			);
			name = Products;
			sourceTree = "<group>";
		};
		2C49EA1324358DB40026233D /* EasyStackView */ = {
			isa = PBXGroup;
			children = (
				2C49EA1424358DB40026233D /* EasyStackView.h */,
				2C49EA1524358DB40026233D /* Info.plist */,
			);
			path = EasyStackView;
			sourceTree = "<group>";
		};
		2C49EA1E24358DB40026233D /* EasyStackViewTests */ = {
			isa = PBXGroup;
			children = (
				2C49EA1F24358DB40026233D /* EasyStackViewTests.m */,
				2C49EA2124358DB40026233D /* Info.plist */,
			);
			path = EasyStackViewTests;
			sourceTree = "<group>";
		};
/* End PBXGroup section */

/* Begin PBXHeadersBuildPhase section */
		2C49EA0C24358DB40026233D /* Headers */ = {
			isa = PBXHeadersBuildPhase;
			buildActionMask = 2147483647;
			files = (
				2C49EA2224358DB40026233D /* EasyStackView.h in Headers */,
			);
			runOnlyForDeploymentPostprocessing = 0;
		};
/* End PBXHeadersBuildPhase section */

/* Begin PBXNativeTarget section */
		2C49EA1024358DB40026233D /* EasyStackView */ = {
			isa = PBXNativeTarget;
			buildConfigurationList = 2C49EA2524358DB40026233D /* Build configuration list for PBXNativeTarget "EasyStackView" */;
			buildPhases = (
				2C49EA0C24358DB40026233D /* Headers */,
				2C49EA0D24358DB40026233D /* Sources */,
				2C49EA0E24358DB40026233D /* Frameworks */,
				2C49EA0F24358DB40026233D /* Resources */,
			);
			buildRules = (
			);
			dependencies = (
			);
			name = EasyStackView;
			productName = EasyStackView;
			productReference = 2C49EA1124358DB40026233D /* EasyStackView.framework */;
			productType = "com.apple.product-type.framework";
		};
		2C49EA1924358DB40026233D /* EasyStackViewTests */ = {
			isa = PBXNativeTarget;
			buildConfigurationList = 2C49EA2824358DB40026233D /* Build configuration list for PBXNativeTarget "EasyStackViewTests" */;
			buildPhases = (
				2C49EA1624358DB40026233D /* Sources */,
				2C49EA1724358DB40026233D /* Frameworks */,
				2C49EA1824358DB40026233D /* Resources */,
			);
			buildRules = (
			);
			dependencies = (
				2C49EA1D24358DB40026233D /* PBXTargetDependency */,
			);
			name = EasyStackViewTests;
			productName = EasyStackViewTests;
			productReference = 2C49EA1A24358DB40026233D /* EasyStackViewTests.xctest */;
			productType = "com.apple.product-type.bundle.unit-test";
		};
/* End PBXNativeTarget section */

/* Begin PBXProject section */
		2C49EA0824358DB40026233D /* Project object */ = {
			isa = PBXProject;
			attributes = {
				LastUpgradeCheck = 1130;
				ORGANIZATIONNAME = Elenion;
				TargetAttributes = {
					2C49EA1024358DB40026233D = {
						CreatedOnToolsVersion = 11.3.1;
					};
					2C49EA1924358DB40026233D = {
						CreatedOnToolsVersion = 11.3.1;
					};
				};
			};
			buildConfigurationList = 2C49EA0B24358DB40026233D /* Build configuration list for PBXProject "EasyStackView" */;
			compatibilityVersion = "Xcode 9.3";
			developmentRegion = en;
			hasScannedForEncodings = 0;
			knownRegions = (
				en,
				Base,
			);
			mainGroup = 2C49EA0724358DB40026233D;
			productRefGroup = 2C49EA1224358DB40026233D /* Products */;
			projectDirPath = "";
			projectRoot = "";
			targets = (
				2C49EA1024358DB40026233D /* EasyStackView */,
				2C49EA1924358DB40026233D /* EasyStackViewTests */,
			);
		};
/* End PBXProject section */

/* Begin PBXResourcesBuildPhase section */
		2C49EA0F24358DB40026233D /* Resources */ = {
			isa = PBXResourcesBuildPhase;
			buildActionMask = 2147483647;
			files = (
			);
			runOnlyForDeploymentPostprocessing = 0;
		};
		2C49EA1824358DB40026233D /* Resources */ = {
			isa = PBXResourcesBuildPhase;
			buildActionMask = 2147483647;
			files = (
			);
			runOnlyForDeploymentPostprocessing = 0;
		};
/* End PBXResourcesBuildPhase section */

/* Begin PBXSourcesBuildPhase section */
		2C49EA0D24358DB40026233D /* Sources */ = {
			isa = PBXSourcesBuildPhase;
			buildActionMask = 2147483647;
			files = (
			);
			runOnlyForDeploymentPostprocessing = 0;
		};
		2C49EA1624358DB40026233D /* Sources */ = {
			isa = PBXSourcesBuildPhase;
			buildActionMask = 2147483647;
			files = (
				2C49EA2024358DB40026233D /* EasyStackViewTests.m in Sources */,
			);
			runOnlyForDeploymentPostprocessing = 0;
		};
/* End PBXSourcesBuildPhase section */

/* Begin PBXTargetDependency section */
		2C49EA1D24358DB40026233D /* PBXTargetDependency */ = {
			isa = PBXTargetDependency;
			target = 2C49EA1024358DB40026233D /* EasyStackView */;
			targetProxy = 2C49EA1C24358DB40026233D /* PBXContainerItemProxy */;
		};
/* End PBXTargetDependency section */

/* Begin XCBuildConfiguration section */
		2C49EA2324358DB40026233D /* Debug */ = {
			isa = XCBuildConfiguration;
			buildSettings = {
				ALWAYS_SEARCH_USER_PATHS = NO;
				CLANG_ANALYZER_NONNULL = YES;
				CLANG_ANALYZER_NUMBER_OBJECT_CONVERSION = YES_AGGRESSIVE;
				CLANG_CXX_LANGUAGE_STANDARD = "gnu++14";
				CLANG_CXX_LIBRARY = "libc++";
				CLANG_ENABLE_MODULES = YES;
				CLANG_ENABLE_OBJC_ARC = YES;
				CLANG_ENABLE_OBJC_WEAK = YES;
				CLANG_WARN_BLOCK_CAPTURE_AUTORELEASING = YES;
				CLANG_WARN_BOOL_CONVERSION = YES;
				CLANG_WARN_COMMA = YES;
				CLANG_WARN_CONSTANT_CONVERSION = YES;
				CLANG_WARN_DEPRECATED_OBJC_IMPLEMENTATIONS = YES;
				CLANG_WARN_DIRECT_OBJC_ISA_USAGE = YES_ERROR;
				CLANG_WARN_DOCUMENTATION_COMMENTS = YES;
				CLANG_WARN_EMPTY_BODY = YES;
				CLANG_WARN_ENUM_CONVERSION = YES;
				CLANG_WARN_INFINITE_RECURSION = YES;
				CLANG_WARN_INT_CONVERSION = YES;
				CLANG_WARN_NON_LITERAL_NULL_CONVERSION = YES;
				CLANG_WARN_OBJC_IMPLICIT_RETAIN_SELF = YES;
				CLANG_WARN_OBJC_LITERAL_CONVERSION = YES;
				CLANG_WARN_OBJC_ROOT_CLASS = YES_ERROR;
				CLANG_WARN_RANGE_LOOP_ANALYSIS = YES;
				CLANG_WARN_STRICT_PROTOTYPES = YES;
				CLANG_WARN_SUSPICIOUS_MOVE = YES;
				CLANG_WARN_UNGUARDED_AVAILABILITY = YES_AGGRESSIVE;
				CLANG_WARN_UNREACHABLE_CODE = YES;
				CLANG_WARN__DUPLICATE_METHOD_MATCH = YES;
				COPY_PHASE_STRIP = NO;
				CURRENT_PROJECT_VERSION = 1;
				DEBUG_INFORMATION_FORMAT = dwarf;
				ENABLE_STRICT_OBJC_MSGSEND = YES;
				ENABLE_TESTABILITY = YES;
				GCC_C_LANGUAGE_STANDARD = gnu11;
				GCC_DYNAMIC_NO_PIC = NO;
				GCC_NO_COMMON_BLOCKS = YES;
				GCC_OPTIMIZATION_LEVEL = 0;
				GCC_PREPROCESSOR_DEFINITIONS = (
					"DEBUG=1",
					"$(inherited)",
				);
				GCC_WARN_64_TO_32_BIT_CONVERSION = YES;
				GCC_WARN_ABOUT_RETURN_TYPE = YES_ERROR;
				GCC_WARN_UNDECLARED_SELECTOR = YES;
				GCC_WARN_UNINITIALIZED_AUTOS = YES_AGGRESSIVE;
				GCC_WARN_UNUSED_FUNCTION = YES;
				GCC_WARN_UNUSED_VARIABLE = YES;
				IPHONEOS_DEPLOYMENT_TARGET = 13.2;
				MTL_ENABLE_DEBUG_INFO = INCLUDE_SOURCE;
				MTL_FAST_MATH = YES;
				ONLY_ACTIVE_ARCH = YES;
				SDKROOT = iphoneos;
				VERSIONING_SYSTEM = "apple-generic";
				VERSION_INFO_PREFIX = "";
			};
			name = Debug;
		};
		2C49EA2424358DB40026233D /* Release */ = {
			isa = XCBuildConfiguration;
			buildSettings = {
				ALWAYS_SEARCH_USER_PATHS = NO;
				CLANG_ANALYZER_NONNULL = YES;
				CLANG_ANALYZER_NUMBER_OBJECT_CONVERSION = YES_AGGRESSIVE;
				CLANG_CXX_LANGUAGE_STANDARD = "gnu++14";
				CLANG_CXX_LIBRARY = "libc++";
				CLANG_ENABLE_MODULES = YES;
				CLANG_ENABLE_OBJC_ARC = YES;
				CLANG_ENABLE_OBJC_WEAK = YES;
				CLANG_WARN_BLOCK_CAPTURE_AUTORELEASING = YES;
				CLANG_WARN_BOOL_CONVERSION = YES;
				CLANG_WARN_COMMA = YES;
				CLANG_WARN_CONSTANT_CONVERSION = YES;
				CLANG_WARN_DEPRECATED_OBJC_IMPLEMENTATIONS = YES;
				CLANG_WARN_DIRECT_OBJC_ISA_USAGE = YES_ERROR;
				CLANG_WARN_DOCUMENTATION_COMMENTS = YES;
				CLANG_WARN_EMPTY_BODY = YES;
				CLANG_WARN_ENUM_CONVERSION = YES;
				CLANG_WARN_INFINITE_RECURSION = YES;
				CLANG_WARN_INT_CONVERSION = YES;
				CLANG_WARN_NON_LITERAL_NULL_CONVERSION = YES;
				CLANG_WARN_OBJC_IMPLICIT_RETAIN_SELF = YES;
				CLANG_WARN_OBJC_LITERAL_CONVERSION = YES;
				CLANG_WARN_OBJC_ROOT_CLASS = YES_ERROR;
				CLANG_WARN_RANGE_LOOP_ANALYSIS = YES;
				CLANG_WARN_STRICT_PROTOTYPES = YES;
				CLANG_WARN_SUSPICIOUS_MOVE = YES;
				CLANG_WARN_UNGUARDED_AVAILABILITY = YES_AGGRESSIVE;
				CLANG_WARN_UNREACHABLE_CODE = YES;
				CLANG_WARN__DUPLICATE_METHOD_MATCH = YES;
				COPY_PHASE_STRIP = NO;
				CURRENT_PROJECT_VERSION = 1;
				DEBUG_INFORMATION_FORMAT = "dwarf-with-dsym";
				ENABLE_NS_ASSERTIONS = NO;
				ENABLE_STRICT_OBJC_MSGSEND = YES;
				GCC_C_LANGUAGE_STANDARD = gnu11;
				GCC_NO_COMMON_BLOCKS = YES;
				GCC_WARN_64_TO_32_BIT_CONVERSION = YES;
				GCC_WARN_ABOUT_RETURN_TYPE = YES_ERROR;
				GCC_WARN_UNDECLARED_SELECTOR = YES;
				GCC_WARN_UNINITIALIZED_AUTOS = YES_AGGRESSIVE;
				GCC_WARN_UNUSED_FUNCTION = YES;
				GCC_WARN_UNUSED_VARIABLE = YES;
				IPHONEOS_DEPLOYMENT_TARGET = 13.2;
				MTL_ENABLE_DEBUG_INFO = NO;
				MTL_FAST_MATH = YES;
				SDKROOT = iphoneos;
				VALIDATE_PRODUCT = YES;
				VERSIONING_SYSTEM = "apple-generic";
				VERSION_INFO_PREFIX = "";
			};
			name = Release;
		};
		2C49EA2624358DB40026233D /* Debug */ = {
			isa = XCBuildConfiguration;
			buildSettings = {
				CODE_SIGN_STYLE = Automatic;
				DEFINES_MODULE = YES;
				DYLIB_COMPATIBILITY_VERSION = 1;
				DYLIB_CURRENT_VERSION = 1;
				DYLIB_INSTALL_NAME_BASE = "@rpath";
				INFOPLIST_FILE = EasyStackView/Info.plist;
				INSTALL_PATH = "$(LOCAL_LIBRARY_DIR)/Frameworks";
				LD_RUNPATH_SEARCH_PATHS = (
					"$(inherited)",
					"@executable_path/Frameworks",
					"@loader_path/Frameworks",
				);
				PRODUCT_BUNDLE_IDENTIFIER = com.elenion.EasyStackView;
				PRODUCT_NAME = "$(TARGET_NAME:c99extidentifier)";
				SKIP_INSTALL = YES;
				TARGETED_DEVICE_FAMILY = "1,2";
			};
			name = Debug;
		};
		2C49EA2724358DB40026233D /* Release */ = {
			isa = XCBuildConfiguration;
			buildSettings = {
				CODE_SIGN_STYLE = Automatic;
				DEFINES_MODULE = YES;
				DYLIB_COMPATIBILITY_VERSION = 1;
				DYLIB_CURRENT_VERSION = 1;
				DYLIB_INSTALL_NAME_BASE = "@rpath";
				INFOPLIST_FILE = EasyStackView/Info.plist;
				INSTALL_PATH = "$(LOCAL_LIBRARY_DIR)/Frameworks";
				LD_RUNPATH_SEARCH_PATHS = (
					"$(inherited)",
					"@executable_path/Frameworks",
					"@loader_path/Frameworks",
				);
				PRODUCT_BUNDLE_IDENTIFIER = com.elenion.EasyStackView;
				PRODUCT_NAME = "$(TARGET_NAME:c99extidentifier)";
				SKIP_INSTALL = YES;
				TARGETED_DEVICE_FAMILY = "1,2";
			};
			name = Release;
		};
		2C49EA2924358DB40026233D /* Debug */ = {
			isa = XCBuildConfiguration;
			buildSettings = {
				CODE_SIGN_STYLE = Automatic;
				INFOPLIST_FILE = EasyStackViewTests/Info.plist;
				LD_RUNPATH_SEARCH_PATHS = (
					"$(inherited)",
					"@executable_path/Frameworks",
					"@loader_path/Frameworks",
				);
				PRODUCT_BUNDLE_IDENTIFIER = com.elenion.EasyStackViewTests;
				PRODUCT_NAME = "$(TARGET_NAME)";
				TARGETED_DEVICE_FAMILY = "1,2";
			};
			name = Debug;
		};
		2C49EA2A24358DB40026233D /* Release */ = {
			isa = XCBuildConfiguration;
			buildSettings = {
				CODE_SIGN_STYLE = Automatic;
				INFOPLIST_FILE = EasyStackViewTests/Info.plist;
				LD_RUNPATH_SEARCH_PATHS = (
					"$(inherited)",
					"@executable_path/Frameworks",
					"@loader_path/Frameworks",
				);
				PRODUCT_BUNDLE_IDENTIFIER = com.elenion.EasyStackViewTests;
				PRODUCT_NAME = "$(TARGET_NAME)";
				TARGETED_DEVICE_FAMILY = "1,2";
			};
			name = Release;
		};
/* End XCBuildConfiguration section */

/* Begin XCConfigurationList section */
		2C49EA0B24358DB40026233D /* Build configuration list for PBXProject "EasyStackView" */ = {
			isa = XCConfigurationList;
			buildConfigurations = (
				2C49EA2324358DB40026233D /* Debug */,
				2C49EA2424358DB40026233D /* Release */,
			);
			defaultConfigurationIsVisible = 0;
			defaultConfigurationName = Release;
		};
		2C49EA2524358DB40026233D /* Build configuration list for PBXNativeTarget "EasyStackView" */ = {
			isa = XCConfigurationList;
			buildConfigurations = (
				2C49EA2624358DB40026233D /* Debug */,
				2C49EA2724358DB40026233D /* Release */,
			);
			defaultConfigurationIsVisible = 0;
			defaultConfigurationName = Release;
		};
		2C49EA2824358DB40026233D /* Build configuration list for PBXNativeTarget "EasyStackViewTests" */ = {
			isa = XCConfigurationList;
			buildConfigurations = (
				2C49EA2924358DB40026233D /* Debug */,
				2C49EA2A24358DB40026233D /* Release */,
			);
			defaultConfigurationIsVisible = 0;
			defaultConfigurationName = Release;
		};
/* End XCConfigurationList section */
	};
	rootObject = 2C49EA0824358DB40026233D /* Project object */;
}
